
Microsoft Visual Studio Solution File, Format Version 12.00
# Visual Studio Version 17
VisualStudioVersion = 17.9.34902.65
MinimumVisualStudioVersion = 10.0.40219.1
Project("{FAE04EC0-301F-11D3-BF4B-00C04F79EFBC}") = "HelpdeskTicketSupportApp", "HelpdeskTicketSupportApp.csproj", "{2AB1D16E-C55A-4597-8D4A-8197C15325DA}"
EndProject
Global
	GlobalSection(SolutionConfigurationPlatforms) = preSolution
		Debug|Any CPU = Debug|Any CPU
		Release|Any CPU = Release|Any CPU
	EndGlobalSection
	GlobalSection(ProjectConfigurationPlatforms) = postSolution
		{2AB1D16E-C55A-4597-8D4A-8197C15325DA}.Debug|Any CPU.ActiveCfg = Debug|Any CPU
		{2AB1D16E-C55A-4597-8D4A-8197C15325DA}.Debug|Any CPU.Build.0 = Debug|Any CPU
		{2AB1D16E-C55A-4597-8D4A-8197C15325DA}.Release|Any CPU.ActiveCfg = Release|Any CPU
		{2AB1D16E-C55A-4597-8D4A-8197C15325DA}.Release|Any CPU.Build.0 = Release|Any CPU
	EndGlobalSection
	GlobalSection(SolutionProperties) = preSolution
		HideSolutionNode = FALSE
	EndGlobalSection
	GlobalSection(ExtensibilityGlobals) = postSolution
		SolutionGuid = {3E3038C4-1CA4-4586-B079-44E11D695DD3}
	EndGlobalSection
EndGlobal
